
Microsoft Visual Studio Solution File, Format Version 12.00
# Visual Studio Version 17
VisualStudioVersion = 17.13.35825.156
MinimumVisualStudioVersion = 10.0.40219.1
Project("{FAE04EC0-301F-11D3-BF4B-00C04F79EFBC}") = "ABC_Ahmet_Burak_Akbas", "ABC_Ahmet_Burak_Akbas.csproj", "{392F2A5E-6F23-4DA1-9B54-2EE7D3124D98}"
EndProject
Global
	GlobalSection(SolutionConfigurationPlatforms) = preSolution
		Debug|Any CPU = Debug|Any CPU
		Release|Any CPU = Release|Any CPU
	EndGlobalSection
	GlobalSection(ProjectConfigurationPlatforms) = postSolution
		{392F2A5E-6F23-4DA1-9B54-2EE7D3124D98}.Debug|Any CPU.ActiveCfg = Debug|Any CPU
		{392F2A5E-6F23-4DA1-9B54-2EE7D3124D98}.Debug|Any CPU.Build.0 = Debug|Any CPU
		{392F2A5E-6F23-4DA1-9B54-2EE7D3124D98}.Release|Any CPU.ActiveCfg = Release|Any CPU
		{392F2A5E-6F23-4DA1-9B54-2EE7D3124D98}.Release|Any CPU.Build.0 = Release|Any CPU
	EndGlobalSection
	GlobalSection(SolutionProperties) = preSolution
		HideSolutionNode = FALSE
	EndGlobalSection
	GlobalSection(ExtensibilityGlobals) = postSolution
		SolutionGuid = {E2FDB2F8-3B80-48AF-8ACD-6997DF26F0CD}
	EndGlobalSection
EndGlobal
